
Microsoft Visual Studio Solution File, Format Version 12.00
# Visual Studio Version 17
VisualStudioVersion = 17.8.34511.84
MinimumVisualStudioVersion = 10.0.40219.1
Project("{FAE04EC0-301F-11D3-BF4B-00C04F79EFBC}") = "AvaloniaLocalizationDemo", "AvaloniaLocalizationDemo.csproj", "{7E7F8842-C763-42C9-8B3A-87D207600638}"
EndProject
Global
	GlobalSection(SolutionConfigurationPlatforms) = preSolution
		Debug|Any CPU = Debug|Any CPU
		Release|Any CPU = Release|Any CPU
	EndGlobalSection
	GlobalSection(ProjectConfigurationPlatforms) = postSolution
		{7E7F8842-C763-42C9-8B3A-87D207600638}.Debug|Any CPU.ActiveCfg = Debug|Any CPU
		{7E7F8842-C763-42C9-8B3A-87D207600638}.Debug|Any CPU.Build.0 = Debug|Any CPU
		{7E7F8842-C763-42C9-8B3A-87D207600638}.Release|Any CPU.ActiveCfg = Release|Any CPU
		{7E7F8842-C763-42C9-8B3A-87D207600638}.Release|Any CPU.Build.0 = Release|Any CPU
	EndGlobalSection
	GlobalSection(SolutionProperties) = preSolution
		HideSolutionNode = FALSE
	EndGlobalSection
	GlobalSection(ExtensibilityGlobals) = postSolution
		SolutionGuid = {4110895E-44A2-4930-A7B1-23BD81DA9E5D}
	EndGlobalSection
EndGlobal
